
Microsoft Visual Studio Solution File, Format Version 12.00
# Visual Studio Version 17
VisualStudioVersion = 17.0.32126.317
MinimumVisualStudioVersion = 10.0.40219.1
Project("{FAE04EC0-301F-11D3-BF4B-00C04F79EFBC}") = "AsyncAwait", "AsyncAwait\AsyncAwait.csproj", "{CED95958-C617-4178-B31A-364FDB4EE88B}"
EndProject
Global
	GlobalSection(SolutionConfigurationPlatforms) = preSolution
		Debug|Any CPU = Debug|Any CPU
		Release|Any CPU = Release|Any CPU
	EndGlobalSection
	GlobalSection(ProjectConfigurationPlatforms) = postSolution
		{CED95958-C617-4178-B31A-364FDB4EE88B}.Debug|Any CPU.ActiveCfg = Debug|Any CPU
		{CED95958-C617-4178-B31A-364FDB4EE88B}.Debug|Any CPU.Build.0 = Debug|Any CPU
		{CED95958-C617-4178-B31A-364FDB4EE88B}.Release|Any CPU.ActiveCfg = Release|Any CPU
		{CED95958-C617-4178-B31A-364FDB4EE88B}.Release|Any CPU.Build.0 = Release|Any CPU
	EndGlobalSection
	GlobalSection(SolutionProperties) = preSolution
		HideSolutionNode = FALSE
	EndGlobalSection
	GlobalSection(ExtensibilityGlobals) = postSolution
		SolutionGuid = {87E0E4A6-B424-4640-A216-5B84465C4EC6}
	EndGlobalSection
EndGlobal
