
Microsoft Visual Studio Solution File, Format Version 12.00
# Visual Studio Version 17
VisualStudioVersion = 17.0.32126.317
MinimumVisualStudioVersion = 10.0.40219.1
Project("{FAE04EC0-301F-11D3-BF4B-00C04F79EFBC}") = "File", "File\File.csproj", "{00C926BF-E4BB-421A-BBAE-6C5E2636D013}"
EndProject
Global
	GlobalSection(SolutionConfigurationPlatforms) = preSolution
		Debug|Any CPU = Debug|Any CPU
		Release|Any CPU = Release|Any CPU
	EndGlobalSection
	GlobalSection(ProjectConfigurationPlatforms) = postSolution
		{00C926BF-E4BB-421A-BBAE-6C5E2636D013}.Debug|Any CPU.ActiveCfg = Debug|Any CPU
		{00C926BF-E4BB-421A-BBAE-6C5E2636D013}.Debug|Any CPU.Build.0 = Debug|Any CPU
		{00C926BF-E4BB-421A-BBAE-6C5E2636D013}.Release|Any CPU.ActiveCfg = Release|Any CPU
		{00C926BF-E4BB-421A-BBAE-6C5E2636D013}.Release|Any CPU.Build.0 = Release|Any CPU
	EndGlobalSection
	GlobalSection(SolutionProperties) = preSolution
		HideSolutionNode = FALSE
	EndGlobalSection
	GlobalSection(ExtensibilityGlobals) = postSolution
		SolutionGuid = {A08CD35A-C847-4BB9-8C2F-F9DB15769E29}
	EndGlobalSection
EndGlobal
