
Microsoft Visual Studio Solution File, Format Version 12.00
# Visual Studio Version 16
VisualStudioVersion = 16.0.32106.194
MinimumVisualStudioVersion = 10.0.40219.1
Project("{FAE04EC0-301F-11D3-BF4B-00C04F79EFBC}") = "ExtensionMethods", "ExtensionMethods\ExtensionMethods.csproj", "{1CE1F978-B824-4AC8-9F48-746CF8F7453E}"
EndProject
Global
	GlobalSection(SolutionConfigurationPlatforms) = preSolution
		Debug|Any CPU = Debug|Any CPU
		Release|Any CPU = Release|Any CPU
	EndGlobalSection
	GlobalSection(ProjectConfigurationPlatforms) = postSolution
		{1CE1F978-B824-4AC8-9F48-746CF8F7453E}.Debug|Any CPU.ActiveCfg = Debug|Any CPU
		{1CE1F978-B824-4AC8-9F48-746CF8F7453E}.Debug|Any CPU.Build.0 = Debug|Any CPU
		{1CE1F978-B824-4AC8-9F48-746CF8F7453E}.Release|Any CPU.ActiveCfg = Release|Any CPU
		{1CE1F978-B824-4AC8-9F48-746CF8F7453E}.Release|Any CPU.Build.0 = Release|Any CPU
	EndGlobalSection
	GlobalSection(SolutionProperties) = preSolution
		HideSolutionNode = FALSE
	EndGlobalSection
	GlobalSection(ExtensibilityGlobals) = postSolution
		SolutionGuid = {F1340E97-443C-4EF4-92DE-3AB94F0B1209}
	EndGlobalSection
EndGlobal
