
Microsoft Visual Studio Solution File, Format Version 12.00
# Visual Studio Version 17
VisualStudioVersion = 17.0.32112.339
MinimumVisualStudioVersion = 10.0.40219.1
Project("{FAE04EC0-301F-11D3-BF4B-00C04F79EFBC}") = "WorkingNullableType", "WorkingNullableType\WorkingNullableType.csproj", "{6DE2247E-2470-45C3-BC09-C1DAD37E5404}"
EndProject
Global
	GlobalSection(SolutionConfigurationPlatforms) = preSolution
		Debug|Any CPU = Debug|Any CPU
		Release|Any CPU = Release|Any CPU
	EndGlobalSection
	GlobalSection(ProjectConfigurationPlatforms) = postSolution
		{6DE2247E-2470-45C3-BC09-C1DAD37E5404}.Debug|Any CPU.ActiveCfg = Debug|Any CPU
		{6DE2247E-2470-45C3-BC09-C1DAD37E5404}.Debug|Any CPU.Build.0 = Debug|Any CPU
		{6DE2247E-2470-45C3-BC09-C1DAD37E5404}.Release|Any CPU.ActiveCfg = Release|Any CPU
		{6DE2247E-2470-45C3-BC09-C1DAD37E5404}.Release|Any CPU.Build.0 = Release|Any CPU
	EndGlobalSection
	GlobalSection(SolutionProperties) = preSolution
		HideSolutionNode = FALSE
	EndGlobalSection
	GlobalSection(ExtensibilityGlobals) = postSolution
		SolutionGuid = {ADB702AD-11D1-4BBB-9616-0335C651CB4D}
	EndGlobalSection
EndGlobal
