
Microsoft Visual Studio Solution File, Format Version 12.00
# Visual Studio Version 17
VisualStudioVersion = 17.0.32126.317
MinimumVisualStudioVersion = 10.0.40219.1
Project("{FAE04EC0-301F-11D3-BF4B-00C04F79EFBC}") = "Interface", "Interface\Interface.csproj", "{126EC71E-0030-47DF-80A3-885F49EB84B9}"
EndProject
Global
	GlobalSection(SolutionConfigurationPlatforms) = preSolution
		Debug|Any CPU = Debug|Any CPU
		Release|Any CPU = Release|Any CPU
	EndGlobalSection
	GlobalSection(ProjectConfigurationPlatforms) = postSolution
		{126EC71E-0030-47DF-80A3-885F49EB84B9}.Debug|Any CPU.ActiveCfg = Debug|Any CPU
		{126EC71E-0030-47DF-80A3-885F49EB84B9}.Debug|Any CPU.Build.0 = Debug|Any CPU
		{126EC71E-0030-47DF-80A3-885F49EB84B9}.Release|Any CPU.ActiveCfg = Release|Any CPU
		{126EC71E-0030-47DF-80A3-885F49EB84B9}.Release|Any CPU.Build.0 = Release|Any CPU
	EndGlobalSection
	GlobalSection(SolutionProperties) = preSolution
		HideSolutionNode = FALSE
	EndGlobalSection
	GlobalSection(ExtensibilityGlobals) = postSolution
		SolutionGuid = {663A5DF0-41DF-40BE-9E5F-4B088CFC478A}
	EndGlobalSection
EndGlobal
